<?xml version="1.0" encoding="utf-8"?>
<Project ToolsVersion="4.0" xmlns="http://schemas.microsoft.com/developer/msbuild/2003">
  <ItemGroup>
    <Filter Include="Source Files">
      <UniqueIdentifier>{1d657bca-b3ab-41fa-a05d-2345e98a95c6}</UniqueIdentifier>
      <Extensions>cpp;c;cxx;rc;def;r;odl;idl;hpj;bat;cc</Extensions>
    </Filter>
    <Filter Include="Source Files\lib">
      <UniqueIdentifier>{95cc0949-1580-400f-800e-cac1aec51174}</UniqueIdentifier>
    </Filter>
    <Filter Include="Source Files\lib\include">
      <UniqueIdentifier>{d7d97c33-baec-4032-82cf-2af37c199cf5}</UniqueIdentifier>
    </Filter>
    <Filter Include="Source Files\lib\src">
      <UniqueIdentifier>{8ef8e3fd-dcdd-48c4-9f72-2c49a3a1778b}</UniqueIdentifier>
    </Filter>
  </ItemGroup>
  <ItemGroup>
    <ClCompile Include="..\..\..\..\..\Engine\lib\libogg\src\bitwise.c">
      <Filter>Source Files\lib\src</Filter>
    </ClCompile>
    <ClCompile Include="..\..\..\..\..\Engine\lib\libogg\src\framing.c">
      <Filter>Source Files\lib\src</Filter>
    </ClCompile>
  </ItemGroup>
  <ItemGroup>
    <ClInclude Include="..\..\..\..\..\Engine\lib\libogg\include\ogg\ogg.h">
      <Filter>Source Files\lib\include</Filter>
    </ClInclude>
    <ClInclude Include="..\..\..\..\..\Engine\lib\libogg\include\ogg\os_types.h">
      <Filter>Source Files\lib\include</Filter>
    </ClInclude>
  </ItemGroup>
  <ItemGroup>
  </ItemGroup>
</Project>